
Microsoft Visual Studio Solution File, Format Version 12.00
# Visual Studio 2012
Project("{8BC9CEB8-8B4A-11D0-8D11-00A0C91BC942}") = "Hdf", "Hdf\Hdf.vcxproj", "{C6843D3C-AE9B-4769-B4F3-820A5CD16281}"
EndProject
Project("{8BC9CEB8-8B4A-11D0-8D11-00A0C91BC942}") = "HDFConvert", "HDFConvert\HDFConvert.vcxproj", "{DC03F195-1A32-4DAB-9419-D27F932B613B}"
EndProject
Project("{8BC9CEB8-8B4A-11D0-8D11-00A0C91BC942}") = "Image", "Image\Image.vcxproj", "{52D0EA4A-5256-475F-A7AB-0A966B1C7B4D}"
EndProject
Project("{8BC9CEB8-8B4A-11D0-8D11-00A0C91BC942}") = "INSTALL_ALL", "INSTALL_ALL\INSTALL_ALL.vcxproj", "{CE4CB012-2E1D-46C5-91FA-72C22D46E490}"
	ProjectSection(ProjectDependencies) = postProject
		{C6843D3C-AE9B-4769-B4F3-820A5CD16281} = {C6843D3C-AE9B-4769-B4F3-820A5CD16281}
		{89366141-3E09-40E3-89F3-86BBDC9D7D25} = {89366141-3E09-40E3-89F3-86BBDC9D7D25}
		{52D0EA4A-5256-475F-A7AB-0A966B1C7B4D} = {52D0EA4A-5256-475F-A7AB-0A966B1C7B4D}
		{DC03F195-1A32-4DAB-9419-D27F932B613B} = {DC03F195-1A32-4DAB-9419-D27F932B613B}
	EndProjectSection
EndProject
Project("{8BC9CEB8-8B4A-11D0-8D11-00A0C91BC942}") = "MakeTif", "MakeTif\MakeTif.vcxproj", "{89366141-3E09-40E3-89F3-86BBDC9D7D25}"
EndProject
Project("{8BC9CEB8-8B4A-11D0-8D11-00A0C91BC942}") = "Module_test", "Module_test\Module_test.vcxproj", "{D1F182A4-55F8-4766-8F61-E61C2F629A72}"
EndProject
Global
	GlobalSection(SolutionConfigurationPlatforms) = preSolution
		Debug|Win32 = Debug|Win32
		Release|Win32 = Release|Win32
	EndGlobalSection
	GlobalSection(ProjectConfigurationPlatforms) = postSolution
		{C6843D3C-AE9B-4769-B4F3-820A5CD16281}.Debug|Win32.ActiveCfg = Debug|Win32
		{C6843D3C-AE9B-4769-B4F3-820A5CD16281}.Debug|Win32.Build.0 = Debug|Win32
		{C6843D3C-AE9B-4769-B4F3-820A5CD16281}.Release|Win32.ActiveCfg = Release|Win32
		{C6843D3C-AE9B-4769-B4F3-820A5CD16281}.Release|Win32.Build.0 = Release|Win32
		{DC03F195-1A32-4DAB-9419-D27F932B613B}.Debug|Win32.ActiveCfg = Debug|Win32
		{DC03F195-1A32-4DAB-9419-D27F932B613B}.Debug|Win32.Build.0 = Debug|Win32
		{DC03F195-1A32-4DAB-9419-D27F932B613B}.Release|Win32.ActiveCfg = Release|Win32
		{DC03F195-1A32-4DAB-9419-D27F932B613B}.Release|Win32.Build.0 = Release|Win32
		{52D0EA4A-5256-475F-A7AB-0A966B1C7B4D}.Debug|Win32.ActiveCfg = Debug|Win32
		{52D0EA4A-5256-475F-A7AB-0A966B1C7B4D}.Debug|Win32.Build.0 = Debug|Win32
		{52D0EA4A-5256-475F-A7AB-0A966B1C7B4D}.Release|Win32.ActiveCfg = Release|Win32
		{52D0EA4A-5256-475F-A7AB-0A966B1C7B4D}.Release|Win32.Build.0 = Release|Win32
		{CE4CB012-2E1D-46C5-91FA-72C22D46E490}.Debug|Win32.ActiveCfg = Debug|Win32
		{CE4CB012-2E1D-46C5-91FA-72C22D46E490}.Debug|Win32.Build.0 = Debug|Win32
		{CE4CB012-2E1D-46C5-91FA-72C22D46E490}.Release|Win32.ActiveCfg = Release|Win32
		{CE4CB012-2E1D-46C5-91FA-72C22D46E490}.Release|Win32.Build.0 = Release|Win32
		{89366141-3E09-40E3-89F3-86BBDC9D7D25}.Debug|Win32.ActiveCfg = Debug|Win32
		{89366141-3E09-40E3-89F3-86BBDC9D7D25}.Debug|Win32.Build.0 = Debug|Win32
		{89366141-3E09-40E3-89F3-86BBDC9D7D25}.Release|Win32.ActiveCfg = Release|Win32
		{89366141-3E09-40E3-89F3-86BBDC9D7D25}.Release|Win32.Build.0 = Release|Win32
		{D1F182A4-55F8-4766-8F61-E61C2F629A72}.Debug|Win32.ActiveCfg = Debug|Win32
		{D1F182A4-55F8-4766-8F61-E61C2F629A72}.Debug|Win32.Build.0 = Debug|Win32
		{D1F182A4-55F8-4766-8F61-E61C2F629A72}.Release|Win32.ActiveCfg = Release|Win32
		{D1F182A4-55F8-4766-8F61-E61C2F629A72}.Release|Win32.Build.0 = Release|Win32
	EndGlobalSection
	GlobalSection(SolutionProperties) = preSolution
		HideSolutionNode = FALSE
	EndGlobalSection
EndGlobal
